
Microsoft Visual Studio Solution File, Format Version 12.00
# Visual Studio 14
VisualStudioVersion = 14.0.25123.0
MinimumVisualStudioVersion = 10.0.40219.1
Project("{00D1A9C2-B5F0-4AF3-8072-F6C62B433612}") = "StoryWebApp.Database", "StoryWebApp.Database.sqlproj", "{8F8EF750-0F04-4DED-9757-C69DEDDE33C6}"
EndProject
Project("{FAE04EC0-301F-11D3-BF4B-00C04F79EFBC}") = "StoryWebApp", "..\StoryWebApp\StoryWebApp.csproj", "{A073A78E-671F-435E-BACF-D555FF8AA01C}"
EndProject
Global
	GlobalSection(SolutionConfigurationPlatforms) = preSolution
		Debug|Any CPU = Debug|Any CPU
		Release|Any CPU = Release|Any CPU
	EndGlobalSection
	GlobalSection(ProjectConfigurationPlatforms) = postSolution
		{8F8EF750-0F04-4DED-9757-C69DEDDE33C6}.Debug|Any CPU.ActiveCfg = Debug|Any CPU
		{8F8EF750-0F04-4DED-9757-C69DEDDE33C6}.Debug|Any CPU.Build.0 = Debug|Any CPU
		{8F8EF750-0F04-4DED-9757-C69DEDDE33C6}.Debug|Any CPU.Deploy.0 = Debug|Any CPU
		{8F8EF750-0F04-4DED-9757-C69DEDDE33C6}.Release|Any CPU.ActiveCfg = Release|Any CPU
		{8F8EF750-0F04-4DED-9757-C69DEDDE33C6}.Release|Any CPU.Build.0 = Release|Any CPU
		{8F8EF750-0F04-4DED-9757-C69DEDDE33C6}.Release|Any CPU.Deploy.0 = Release|Any CPU
		{A073A78E-671F-435E-BACF-D555FF8AA01C}.Debug|Any CPU.ActiveCfg = Debug|Any CPU
		{A073A78E-671F-435E-BACF-D555FF8AA01C}.Debug|Any CPU.Build.0 = Debug|Any CPU
		{A073A78E-671F-435E-BACF-D555FF8AA01C}.Release|Any CPU.ActiveCfg = Release|Any CPU
		{A073A78E-671F-435E-BACF-D555FF8AA01C}.Release|Any CPU.Build.0 = Release|Any CPU
	EndGlobalSection
	GlobalSection(SolutionProperties) = preSolution
		HideSolutionNode = FALSE
	EndGlobalSection
EndGlobal
